
Microsoft Visual Studio Solution File, Format Version 12.00
# Visual Studio 15
VisualStudioVersion = 15.0.27428.2002
MinimumVisualStudioVersion = 10.0.40219.1
Project("{9A19103F-16F7-4668-BE54-9A1E7A4F7556}") = "TwitchBotCore", "TwitchBotCore\TwitchBotCore.csproj", "{50155D72-C0CC-48B2-842D-75ED4FF9FBC4}"
EndProject
Project("{E53339B2-1760-4266-BCC7-CA923CBCF16C}") = "docker-compose", "docker-compose.dcproj", "{628C3D7A-33AD-4055-A94A-077E12AF25FA}"
EndProject
Project("{9A19103F-16F7-4668-BE54-9A1E7A4F7556}") = "TwitchBotInfrastructure", "TwitchBotInfrastructure\TwitchBotInfrastructure.csproj", "{35C1AB57-0BCA-4E30-8351-A3237EBCDA08}"
EndProject
Project("{9A19103F-16F7-4668-BE54-9A1E7A4F7556}") = "BotTest.cs", "BotTest.cs\BotTest.cs.csproj", "{28E786C6-BF74-426A-ACAA-A63CC8423528}"
EndProject
Project("{9A19103F-16F7-4668-BE54-9A1E7A4F7556}") = "TwitchBotLib", "TwitchBotLib\TwitchBotLib.csproj", "{F8CB54D7-2626-4F15-900A-ACB36AF5745F}"
EndProject
Global
	GlobalSection(SolutionConfigurationPlatforms) = preSolution
		Debug|Any CPU = Debug|Any CPU
		Release|Any CPU = Release|Any CPU
	EndGlobalSection
	GlobalSection(ProjectConfigurationPlatforms) = postSolution
		{50155D72-C0CC-48B2-842D-75ED4FF9FBC4}.Debug|Any CPU.ActiveCfg = Debug|Any CPU
		{50155D72-C0CC-48B2-842D-75ED4FF9FBC4}.Debug|Any CPU.Build.0 = Debug|Any CPU
		{50155D72-C0CC-48B2-842D-75ED4FF9FBC4}.Release|Any CPU.ActiveCfg = Release|Any CPU
		{50155D72-C0CC-48B2-842D-75ED4FF9FBC4}.Release|Any CPU.Build.0 = Release|Any CPU
		{628C3D7A-33AD-4055-A94A-077E12AF25FA}.Debug|Any CPU.ActiveCfg = Debug|Any CPU
		{628C3D7A-33AD-4055-A94A-077E12AF25FA}.Debug|Any CPU.Build.0 = Debug|Any CPU
		{628C3D7A-33AD-4055-A94A-077E12AF25FA}.Release|Any CPU.ActiveCfg = Release|Any CPU
		{628C3D7A-33AD-4055-A94A-077E12AF25FA}.Release|Any CPU.Build.0 = Release|Any CPU
		{35C1AB57-0BCA-4E30-8351-A3237EBCDA08}.Debug|Any CPU.ActiveCfg = Debug|Any CPU
		{35C1AB57-0BCA-4E30-8351-A3237EBCDA08}.Debug|Any CPU.Build.0 = Debug|Any CPU
		{35C1AB57-0BCA-4E30-8351-A3237EBCDA08}.Release|Any CPU.ActiveCfg = Release|Any CPU
		{35C1AB57-0BCA-4E30-8351-A3237EBCDA08}.Release|Any CPU.Build.0 = Release|Any CPU
		{28E786C6-BF74-426A-ACAA-A63CC8423528}.Debug|Any CPU.ActiveCfg = Debug|Any CPU
		{28E786C6-BF74-426A-ACAA-A63CC8423528}.Debug|Any CPU.Build.0 = Debug|Any CPU
		{28E786C6-BF74-426A-ACAA-A63CC8423528}.Release|Any CPU.ActiveCfg = Release|Any CPU
		{28E786C6-BF74-426A-ACAA-A63CC8423528}.Release|Any CPU.Build.0 = Release|Any CPU
		{F8CB54D7-2626-4F15-900A-ACB36AF5745F}.Debug|Any CPU.ActiveCfg = Debug|Any CPU
		{F8CB54D7-2626-4F15-900A-ACB36AF5745F}.Debug|Any CPU.Build.0 = Debug|Any CPU
		{F8CB54D7-2626-4F15-900A-ACB36AF5745F}.Release|Any CPU.ActiveCfg = Release|Any CPU
		{F8CB54D7-2626-4F15-900A-ACB36AF5745F}.Release|Any CPU.Build.0 = Release|Any CPU
	EndGlobalSection
	GlobalSection(SolutionProperties) = preSolution
		HideSolutionNode = FALSE
	EndGlobalSection
	GlobalSection(ExtensibilityGlobals) = postSolution
		SolutionGuid = {7D12CB99-F125-4574-9348-4935123952FE}
	EndGlobalSection
EndGlobal
